
Microsoft Visual Studio Solution File, Format Version 12.00
# Visual Studio Version 16
VisualStudioVersion = 16.0.31205.134
MinimumVisualStudioVersion = 10.0.40219.1
Project("{FAE04EC0-301F-11D3-BF4B-00C04F79EFBC}") = "ServiceDesk.WebApp", "ServiceDesk.WebApp\ServiceDesk.WebApp.csproj", "{C05946BA-73B3-44C7-9C6B-2B4AC0D1604D}"
EndProject
Project("{FAE04EC0-301F-11D3-BF4B-00C04F79EFBC}") = "ServiceDesk.Domain", "ServiceDesk.Domain\ServiceDesk.Domain.csproj", "{99269C49-EB2B-4302-9DA8-7ED64C363C0F}"
EndProject
Global
	GlobalSection(SolutionConfigurationPlatforms) = preSolution
		Debug|Any CPU = Debug|Any CPU
		Release|Any CPU = Release|Any CPU
	EndGlobalSection
	GlobalSection(ProjectConfigurationPlatforms) = postSolution
		{C05946BA-73B3-44C7-9C6B-2B4AC0D1604D}.Debug|Any CPU.ActiveCfg = Debug|Any CPU
		{C05946BA-73B3-44C7-9C6B-2B4AC0D1604D}.Debug|Any CPU.Build.0 = Debug|Any CPU
		{C05946BA-73B3-44C7-9C6B-2B4AC0D1604D}.Release|Any CPU.ActiveCfg = Release|Any CPU
		{C05946BA-73B3-44C7-9C6B-2B4AC0D1604D}.Release|Any CPU.Build.0 = Release|Any CPU
		{99269C49-EB2B-4302-9DA8-7ED64C363C0F}.Debug|Any CPU.ActiveCfg = Debug|Any CPU
		{99269C49-EB2B-4302-9DA8-7ED64C363C0F}.Debug|Any CPU.Build.0 = Debug|Any CPU
		{99269C49-EB2B-4302-9DA8-7ED64C363C0F}.Release|Any CPU.ActiveCfg = Release|Any CPU
		{99269C49-EB2B-4302-9DA8-7ED64C363C0F}.Release|Any CPU.Build.0 = Release|Any CPU
	EndGlobalSection
	GlobalSection(SolutionProperties) = preSolution
		HideSolutionNode = FALSE
	EndGlobalSection
	GlobalSection(ExtensibilityGlobals) = postSolution
		SolutionGuid = {DFADFCE8-EFD3-4F6D-B8D1-84F23C4B82AB}
	EndGlobalSection
EndGlobal
